
Microsoft Visual Studio Solution File, Format Version 12.00
# Visual Studio 15
Project("{FAE04EC0-301F-11D3-BF4B-00C04F79EFBC}") = "ChatServer", "ChatServer\ChatServer.csproj", "{0E93B067-F0C1-422C-8D1F-C46E9CDC1FC3}"
EndProject
Global
	GlobalSection(SolutionConfigurationPlatforms) = preSolution
		Debug|Any CPU = Debug|Any CPU
		Release|Any CPU = Release|Any CPU
	EndGlobalSection
	GlobalSection(ProjectConfigurationPlatforms) = postSolution
		{0E93B067-F0C1-422C-8D1F-C46E9CDC1FC3}.Debug|Any CPU.ActiveCfg = Debug|Any CPU
		{0E93B067-F0C1-422C-8D1F-C46E9CDC1FC3}.Debug|Any CPU.Build.0 = Debug|Any CPU
		{0E93B067-F0C1-422C-8D1F-C46E9CDC1FC3}.Release|Any CPU.ActiveCfg = Release|Any CPU
		{0E93B067-F0C1-422C-8D1F-C46E9CDC1FC3}.Release|Any CPU.Build.0 = Release|Any CPU
	EndGlobalSection
EndGlobal
